{
    "_meta": {
        "hash": {
            "sha256": "9a6cce6c652220cb3b0c62d9c41762619f95f035f575b17515f166f3de1ebdd4"
        },
        "pipfile-spec": 6,
        "requires": {
            "python_version": "3.9"
        },
        "sources": [
            {
                "name": "pypi",
                "url": "https://pypi.org/simple",
                "verify_ssl": true
            }
        ]
    },
    "default": {
        "multipledispatch": {
            "hashes": [
                "sha256:407e6d8c5fa27075968ba07c4db3ef5f02bea4e871e959570eeb69ee39a6565b",
                "sha256:a55c512128fb3f7c2efd2533f2550accb93c35f1045242ef74645fc92a2c3cba",
                "sha256:a7ab1451fd0bf9b92cab3edbd7b205622fb767aeefb4fb536c2e3de9e0a38bea"
            ],
            "index": "pypi",
            "version": "==0.6.0"
        },
        "numpy": {
            "hashes": [
                "sha256:1676b0a292dd3c99e49305a16d7a9f42a4ab60ec522eac0d3dd20cdf362ac010",
                "sha256:16f221035e8bd19b9dc9a57159e38d2dd060b48e93e1d843c49cb370b0f415fd",
                "sha256:43909c8bb289c382170e0282158a38cf306a8ad2ff6dfadc447e90f9961bef43",
                "sha256:4e465afc3b96dbc80cf4a5273e5e2b1e3451286361b4af70ce1adb2984d392f9",
                "sha256:55b745fca0a5ab738647d0e4db099bd0a23279c32b31a783ad2ccea729e632df",
                "sha256:5d050e1e4bc9ddb8656d7b4f414557720ddcca23a5b88dd7cff65e847864c400",
                "sha256:637d827248f447e63585ca3f4a7d2dfaa882e094df6cfa177cc9cf9cd6cdf6d2",
                "sha256:6690080810f77485667bfbff4f69d717c3be25e5b11bb2073e76bb3f578d99b4",
                "sha256:66fbc6fed94a13b9801fb70b96ff30605ab0a123e775a5e7a26938b717c5d71a",
                "sha256:67d44acb72c31a97a3d5d33d103ab06d8ac20770e1c5ad81bdb3f0c086a56cf6",
                "sha256:6ca2b85a5997dabc38301a22ee43c82adcb53ff660b89ee88dded6b33687e1d8",
                "sha256:6e51534e78d14b4a009a062641f465cfaba4fdcb046c3ac0b1f61dd97c861b1b",
                "sha256:70eb5808127284c4e5c9e836208e09d685a7978b6a216db85960b1a112eeace8",
                "sha256:830b044f4e64a76ba71448fce6e604c0fc47a0e54d8f6467be23749ac2cbd2fb",
                "sha256:8b7bb4b9280da3b2856cb1fc425932f46fba609819ee1c62256f61799e6a51d2",
                "sha256:a9c65473ebc342715cb2d7926ff1e202c26376c0dcaaee85a1fd4b8d8c1d3b2f",
                "sha256:c1c09247ccea742525bdb5f4b5ceeacb34f95731647fe55774aa36557dbb5fa4",
                "sha256:c5bf0e132acf7557fc9bb8ded8b53bbbbea8892f3c9a1738205878ca9434206a",
                "sha256:db250fd3e90117e0312b611574cd1b3f78bec046783195075cbd7ba9c3d73f16",
                "sha256:e515c9a93aebe27166ec9593411c58494fa98e5fcc219e47260d9ab8a1cc7f9f",
                "sha256:e55185e51b18d788e49fe8305fd73ef4470596b33fc2c1ceb304566b99c71a69",
                "sha256:ea9cff01e75a956dbee133fa8e5b68f2f92175233de2f88de3a682dd94deda65",
                "sha256:f1452578d0516283c87608a5a5548b0cdde15b99650efdfd85182102ef7a7c17",
                "sha256:f39a995e47cb8649673cfa0579fbdd1cdd33ea497d1728a6cb194d6252268e48"
            ],
            "index": "pypi",
            "version": "==1.20.3"
        },
        "pillow": {
            "hashes": [
                "sha256:0412516dcc9de9b0a1e0ae25a280015809de8270f134cc2c1e32c4eeb397cf30",
                "sha256:04835e68ef12904bc3e1fd002b33eea0779320d4346082bd5b24bec12ad9c3e9",
                "sha256:06d1adaa284696785375fa80a6a8eb309be722cf4ef8949518beb34487a3df71",
                "sha256:085a90a99404b859a4b6c3daa42afde17cb3ad3115e44a75f0d7b4a32f06a6c9",
                "sha256:0b9911ec70731711c3b6ebcde26caea620cbdd9dcb73c67b0730c8817f24711b",
                "sha256:10e00f7336780ca7d3653cf3ac26f068fa11b5a96894ea29a64d3dc4b810d630",
                "sha256:11c27e74bab423eb3c9232d97553111cc0be81b74b47165f07ebfdd29d825875",
                "sha256:11eb7f98165d56042545c9e6db3ce394ed8b45089a67124298f0473b29cb60b2",
                "sha256:13654b521fb98abdecec105ea3fb5ba863d1548c9b58831dd5105bb3873569f1",
                "sha256:15ccb81a6ffc57ea0137f9f3ac2737ffa1d11f786244d719639df17476d399a7",
                "sha256:18a07a683805d32826c09acfce44a90bf474e6a66ce482b1c7fcd3757d588df3",
                "sha256:19ec4cfe4b961edc249b0e04b5618666c23a83bc35842dea2bfd5dfa0157f81b",
                "sha256:1c3ff00110835bdda2b1e2b07f4a2548a39744bb7de5946dc8e95517c4fb2ca6",
                "sha256:27a330bf7014ee034046db43ccbb05c766aa9e70b8d6c5260bfc38d73103b0ba",
                "sha256:2b11c9d310a3522b0fd3c35667914271f570576a0e387701f370eb39d45f08a4",
                "sha256:2c661542c6f71dfd9dc82d9d29a8386287e82813b0375b3a02983feac69ef864",
                "sha256:2cde7a4d3687f21cffdf5bb171172070bb95e02af448c4c8b2f223d783214056",
                "sha256:2d5e9dc0bf1b5d9048a94c48d0813b6c96fccfa4ccf276d9c36308840f40c228",
                "sha256:2f23b2d3079522fdf3c09de6517f625f7a964f916c956527bed805ac043799b8",
                "sha256:35d27687f027ad25a8d0ef45dd5208ef044c588003cdcedf05afb00dbc5c2deb",
                "sha256:35d409030bf3bd05fa66fb5fdedc39c521b397f61ad04309c90444e893d05f7d",
                "sha256:4326ea1e2722f3dc00ed77c36d3b5354b8fb7399fb59230249ea6d59cbed90da",
                "sha256:4abc247b31a98f29e5224f2d31ef15f86a71f79c7f4d2ac345a5d551d6393073",
                "sha256:4d89a2e9219a526401015153c0e9dd48319ea6ab9fe3b066a20aa9aee23d9fd3",
                "sha256:4e59e99fd680e2b8b11bbd463f3c9450ab799305d5f2bafb74fefba6ac058616",
                "sha256:548794f99ff52a73a156771a0402f5e1c35285bd981046a502d7e4793e8facaa",
                "sha256:56fd98c8294f57636084f4b076b75f86c57b2a63a8410c0cd172bc93695ee979",
                "sha256:59697568a0455764a094585b2551fd76bfd6b959c9f92d4bdec9d0e14616303a",
                "sha256:6bff50ba9891be0a004ef48828e012babaaf7da204d81ab9be37480b9020a82b",
                "sha256:6cb3dd7f23b044b0737317f892d399f9e2f0b3a02b22b2c692851fb8120d82c6",
                "sha256:7dbfbc0020aa1d9bc1b0b8bcf255a7d73f4ad0336f8fd2533fcc54a4ccfb9441",
                "sha256:838eb85de6d9307c19c655c726f8d13b8b646f144ca6b3771fa62b711ebf7624",
                "sha256:8b68f565a4175e12e68ca900af8910e8fe48aaa48fd3ca853494f384e11c8bcd",
                "sha256:8f284dc1695caf71a74f24993b7c7473d77bc760be45f776a2c2f4e04c170550",
                "sha256:963ebdc5365d748185fdb06daf2ac758116deecb2277ec5ae98139f93844bc09",
                "sha256:a048dad5ed6ad1fad338c02c609b862dfaa921fcd065d747194a6805f91f2196",
                "sha256:a1bd983c565f92779be456ece2479840ec39d386007cd4ae83382646293d681b",
                "sha256:a66566f8a22561fc1a88dc87606c69b84fa9ce724f99522cf922c801ec68f5c1",
                "sha256:bcb04ff12e79b28be6c9988f275e7ab69f01cc2ba319fb3114f87817bb7c74b6",
                "sha256:bd24054aaf21e70a51e2a2a5ed1183560d3a69e6f9594a4bfe360a46f94eba83",
                "sha256:be25cb93442c6d2f8702c599b51184bd3ccd83adebd08886b682173e09ef0c3f",
                "sha256:c691b26283c3a31594683217d746f1dad59a7ae1d4cfc24626d7a064a11197d4",
                "sha256:cc9d0dec711c914ed500f1d0d3822868760954dce98dfb0b7382a854aee55d19",
                "sha256:ce2e5e04bb86da6187f96d7bab3f93a7877830981b37f0287dd6479e27a10341",
                "sha256:ce651ca46d0202c302a535d3047c55a0131a720cf554a578fc1b8a2aff0e7d96",
                "sha256:d0c8ebbfd439c37624db98f3877d9ed12c137cadd99dde2d2eae0dab0bbfc355",
                "sha256:d675a876b295afa114ca8bf42d7f86b5fb1298e1b6bb9a24405a3f6c8338811c",
                "sha256:dde3f3ed8d00c72631bc19cbfff8ad3b6215062a5eed402381ad365f82f0c18c",
                "sha256:e5a31c07cea5edbaeb4bdba6f2b87db7d3dc0f446f379d907e51cc70ea375629",
                "sha256:f514c2717012859ccb349c97862568fdc0479aad85b0270d6b5a6509dbc142e2",
                "sha256:fc0db32f7223b094964e71729c0361f93db43664dd1ec86d3df217853cedda87",
                "sha256:fd4fd83aa912d7b89b4b4a1580d30e2a4242f3936882a3f433586e5ab97ed0d5",
                "sha256:feb5db446e96bfecfec078b943cc07744cc759893cef045aa8b8b6d6aaa8274e"
            ],
            "index": "pypi",
            "version": "==8.3.2"
        },
        "pyopengl": {
            "hashes": [
                "sha256:11ad32c7bde7ea0ffb7a94dd552c639ca72376982a8dd6fe0c092d2002a4ca6e",
                "sha256:36b4ac28220e4bfa29e5557525ad2967ca74558a94bccea48864fc742b18db11",
                "sha256:4107ba0d0390da5766a08c242cf0cf3404c377ed293c5f6d701e457c57ba3424"
            ],
            "index": "pypi",
            "version": "==3.1.5"
        },
        "pyqt5": {
            "hashes": [
                "sha256:213bebd51821ed89b4d5b35bb10dbe67564228b3568f463a351a08e8b1677025",
                "sha256:2a69597e0dd11caabe75fae133feca66387819fc9bc050f547e5551bce97e5be",
                "sha256:883a549382fc22d29a0568f3ef20b38c8e7ab633a59498ac4eb63a3bf36d3fd3",
                "sha256:8c0848ba790a895801d5bfd171da31cad3e551dbcc4e59677a3b622de2ceca98",
                "sha256:a88526a271e846e44779bb9ad7a738c6d3c4a9d01e15a128ecfc6dd4696393b7"
            ],
            "index": "pypi",
            "version": "==5.15.4"
        },
        "pyqt5-qt5": {
            "hashes": [
                "sha256:1988f364ec8caf87a6ee5d5a3a5210d57539988bf8e84714c7d60972692e2f4a",
                "sha256:750b78e4dba6bdf1607febedc08738e318ea09e9b10aea9ff0d73073f11f6962",
                "sha256:76980cd3d7ae87e3c7a33bfebfaee84448fd650bad6840471d6cae199b56e154",
                "sha256:9cc7a768b1921f4b982ebc00a318ccb38578e44e45316c7a4a850e953e1dd327"
            ],
            "version": "==5.15.2"
        },
        "pyqt5-sip": {
            "hashes": [
                "sha256:0f77655c62ec91d47c2c99143f248624d44dd2d8a12d016e7c020508ad418aca",
                "sha256:205f3e1b3eea3597d8e878936c1a06e04bd23a59e8b179ee806465d72eea3071",
                "sha256:3126c84568ab341c12e46ded2230f62a9a78752a70fdab13713f89a71cd44f73",
                "sha256:4031547dfb679be309094bfa79254f5badc5ddbe66b9ad38e319d84a7d612443",
                "sha256:42320e7a94b1085ed85d49794ed4ccfe86f1cae80b44a894db908a8aba2bc60e",
                "sha256:4e5c1559311515291ea0ab0635529f14536954e3b973a7c7890ab7e4de1c2c23",
                "sha256:51e377789d59196213eddf458e6927f33ba9d217b614d17d20df16c9a8b2c41c",
                "sha256:686071be054e5be6ca5aaaef7960931d4ba917277e839e2e978c7cbe3f43bb6e",
                "sha256:9356260d4feb60dbac0ab66f8a791a0d2cda1bf98c9dec8e575904a045fbf7c5",
                "sha256:9bca450c5306890cb002fe36bbca18f979dd9e5b810b766dce8e3ce5e66ba795",
                "sha256:ad21ca0ee8cae2a41b61fc04949dccfab6fe008749627d94e8c7078cb7a73af1",
                "sha256:b4710fd85b57edef716cc55fae45bfd5bfac6fc7ba91036f1dcc3f331ca0eb39",
                "sha256:b69a1911f768b489846335e31e49eb34795c6b5a038ca24d894d751e3b0b44da",
                "sha256:d12b81c3a08abf7657a2ebc7d3649852a1f327eb2146ebadf45930486d32e920",
                "sha256:ec5e9ef78852e1f96f86d7e15c9215878422b83dde36d44f1539a3062942f19c",
                "sha256:f1f9e312ff8284d6dfebc5366f6f7d103f84eec23a4da0be0482403933e68660",
                "sha256:f6b72035da4e8fecbb0bc4a972e30a5674a9ad5608dbddaa517e983782dbf3bf"
            ],
            "markers": "python_version >= '3.7'",
            "version": "==12.11.0"
        },
        "pyrr": {
            "hashes": [
                "sha256:3c0f7b20326e71f706a610d58f2190fff73af01eef60c19cb188b186f0ec7e1d",
                "sha256:d8af23fb9bb29262405845e1c98f7339fbba5e49323b98528bd01160a75c65ac"
            ],
            "index": "pypi",
            "version": "==0.10.3"
        },
        "six": {
            "hashes": [
                "sha256:30639c035cdb23534cd4aa2dd52c3bf48f06e5f4a941509c8bafd8ce11080259",
                "sha256:8b74bedcbbbaca38ff6d7491d76f2b06b3592611af620f8426e82dddb04a5ced"
            ],
            "index": "pypi",
            "version": "==1.15.0"
        }
    },
    "develop": {}
}
